
Microsoft Visual Studio Solution File, Format Version 12.00
Project("{FAE04EC0-301F-11D3-BF4B-00C04F79EFBC}") = "csharp", "csharp\csharp.csproj", "{BE2C2DE3-8BA9-4DF4-85FF-3F8DFBF7A075}"
EndProject
Project("{FAE04EC0-301F-11D3-BF4B-00C04F79EFBC}") = "test", "test\test.csproj", "{F4E9ABA7-1C1B-4CC2-BF22-B1E7ABE53B6C}"
EndProject
Global
	GlobalSection(SolutionConfigurationPlatforms) = preSolution
		Debug|Any CPU = Debug|Any CPU
		Release|Any CPU = Release|Any CPU
	EndGlobalSection
	GlobalSection(ProjectConfigurationPlatforms) = postSolution
		{BE2C2DE3-8BA9-4DF4-85FF-3F8DFBF7A075}.Debug|Any CPU.ActiveCfg = Debug|Any CPU
		{BE2C2DE3-8BA9-4DF4-85FF-3F8DFBF7A075}.Debug|Any CPU.Build.0 = Debug|Any CPU
		{BE2C2DE3-8BA9-4DF4-85FF-3F8DFBF7A075}.Release|Any CPU.ActiveCfg = Release|Any CPU
		{BE2C2DE3-8BA9-4DF4-85FF-3F8DFBF7A075}.Release|Any CPU.Build.0 = Release|Any CPU
		{F4E9ABA7-1C1B-4CC2-BF22-B1E7ABE53B6C}.Debug|Any CPU.ActiveCfg = Debug|Any CPU
		{F4E9ABA7-1C1B-4CC2-BF22-B1E7ABE53B6C}.Debug|Any CPU.Build.0 = Debug|Any CPU
		{F4E9ABA7-1C1B-4CC2-BF22-B1E7ABE53B6C}.Release|Any CPU.ActiveCfg = Release|Any CPU
		{F4E9ABA7-1C1B-4CC2-BF22-B1E7ABE53B6C}.Release|Any CPU.Build.0 = Release|Any CPU
	EndGlobalSection
EndGlobal
